// !$*UTF8*$!
{
	archiveVersion = 1;
	classes = {
	};
	objectVersion = 56;
	objects = {

/* Begin PBXBuildFile section */
		0931598F29DC3D3D0042A77C /* chapter_1App.swift in Sources */ = {isa = PBXBuildFile; fileRef = 0931598E29DC3D3D0042A77C /* chapter_1App.swift */; };
		0931599129DC3D3D0042A77C /* ContentView.swift in Sources */ = {isa = PBXBuildFile; fileRef = 0931599029DC3D3D0042A77C /* ContentView.swift */; };
		0931599329DC3D3D0042A77C /* Assets.xcassets in Resources */ = {isa = PBXBuildFile; fileRef = 0931599229DC3D3D0042A77C /* Assets.xcassets */; };
		0931599629DC3D3D0042A77C /* Preview Assets.xcassets in Resources */ = {isa = PBXBuildFile; fileRef = 0931599529DC3D3D0042A77C /* Preview Assets.xcassets */; };
		093159A029DC3D3E0042A77C /* chapter_1Tests.swift in Sources */ = {isa = PBXBuildFile; fileRef = 0931599F29DC3D3E0042A77C /* chapter_1Tests.swift */; };
		093159AA29DC3D3E0042A77C /* chapter_1UITests.swift in Sources */ = {isa = PBXBuildFile; fileRef = 093159A929DC3D3E0042A77C /* chapter_1UITests.swift */; };
		093159AC29DC3D3E0042A77C /* chapter_1UITestsLaunchTests.swift in Sources */ = {isa = PBXBuildFile; fileRef = 093159AB29DC3D3E0042A77C /* chapter_1UITestsLaunchTests.swift */; };
/* End PBXBuildFile section */

/* Begin PBXContainerItemProxy section */
		0931599C29DC3D3E0042A77C /* PBXContainerItemProxy */ = {
			isa = PBXContainerItemProxy;
			containerPortal = 0931598329DC3D3D0042A77C /* Project object */;
			proxyType = 1;
			remoteGlobalIDString = 0931598A29DC3D3D0042A77C;
			remoteInfo = "chapter 1";
		};
		093159A629DC3D3E0042A77C /* PBXContainerItemProxy */ = {
			isa = PBXContainerItemProxy;
			containerPortal = 0931598329DC3D3D0042A77C /* Project object */;
			proxyType = 1;
			remoteGlobalIDString = 0931598A29DC3D3D0042A77C;
			remoteInfo = "chapter 1";
		};
/* End PBXContainerItemProxy section */

/* Begin PBXFileReference section */
		0931598B29DC3D3D0042A77C /* chapter 1.app */ = {isa = PBXFileReference; explicitFileType = wrapper.application; includeInIndex = 0; path = "chapter 1.app"; sourceTree = BUILT_PRODUCTS_DIR; };
		0931598E29DC3D3D0042A77C /* chapter_1App.swift */ = {isa = PBXFileReference; lastKnownFileType = sourcecode.swift; path = chapter_1App.swift; sourceTree = "<group>"; };
		0931599029DC3D3D0042A77C /* ContentView.swift */ = {isa = PBXFileReference; lastKnownFileType = sourcecode.swift; path = ContentView.swift; sourceTree = "<group>"; };
		0931599229DC3D3D0042A77C /* Assets.xcassets */ = {isa = PBXFileReference; lastKnownFileType = folder.assetcatalog; path = Assets.xcassets; sourceTree = "<group>"; };
		0931599529DC3D3D0042A77C /* Preview Assets.xcassets */ = {isa = PBXFileReference; lastKnownFileType = folder.assetcatalog; path = "Preview Assets.xcassets"; sourceTree = "<group>"; };
		0931599B29DC3D3E0042A77C /* chapter 1Tests.xctest */ = {isa = PBXFileReference; explicitFileType = wrapper.cfbundle; includeInIndex = 0; path = "chapter 1Tests.xctest"; sourceTree = BUILT_PRODUCTS_DIR; };
		0931599F29DC3D3E0042A77C /* chapter_1Tests.swift */ = {isa = PBXFileReference; lastKnownFileType = sourcecode.swift; path = chapter_1Tests.swift; sourceTree = "<group>"; };
		093159A529DC3D3E0042A77C /* chapter 1UITests.xctest */ = {isa = PBXFileReference; explicitFileType = wrapper.cfbundle; includeInIndex = 0; path = "chapter 1UITests.xctest"; sourceTree = BUILT_PRODUCTS_DIR; };
		093159A929DC3D3E0042A77C /* chapter_1UITests.swift */ = {isa = PBXFileReference; lastKnownFileType = sourcecode.swift; path = chapter_1UITests.swift; sourceTree = "<group>"; };
		093159AB29DC3D3E0042A77C /* chapter_1UITestsLaunchTests.swift */ = {isa = PBXFileReference; lastKnownFileType = sourcecode.swift; path = chapter_1UITestsLaunchTests.swift; sourceTree = "<group>"; };
/* End PBXFileReference section */

/* Begin PBXFrameworksBuildPhase section */
		0931598829DC3D3D0042A77C /* Frameworks */ = {
			isa = PBXFrameworksBuildPhase;
			buildActionMask = 2147483647;
			files = (
			);
			runOnlyForDeploymentPostprocessing = 0;
		};
		0931599829DC3D3E0042A77C /* Frameworks */ = {
			isa = PBXFrameworksBuildPhase;
			buildActionMask = 2147483647;
			files = (
			);
			runOnlyForDeploymentPostprocessing = 0;
		};
		093159A229DC3D3E0042A77C /* Frameworks */ = {
			isa = PBXFrameworksBuildPhase;
			buildActionMask = 2147483647;
			files = (
			);
			runOnlyForDeploymentPostprocessing = 0;
		};
/* End PBXFrameworksBuildPhase section */

/* Begin PBXGroup section */
		0931598229DC3D3D0042A77C = {
			isa = PBXGroup;
			children = (
				0931598D29DC3D3D0042A77C /* chapter 1 */,
				0931599E29DC3D3E0042A77C /* chapter 1Tests */,
				093159A829DC3D3E0042A77C /* chapter 1UITests */,
				0931598C29DC3D3D0042A77C /* Products */,
			);
			sourceTree = "<group>";
		};
		0931598C29DC3D3D0042A77C /* Products */ = {
			isa = PBXGroup;
			children = (
				0931598B29DC3D3D0042A77C /* chapter 1.app */,
				0931599B29DC3D3E0042A77C /* chapter 1Tests.xctest */,
				093159A529DC3D3E0042A77C /* chapter 1UITests.xctest */,
			);
			name = Products;
			sourceTree = "<group>";
		};
		0931598D29DC3D3D0042A77C /* chapter 1 */ = {
			isa = PBXGroup;
			children = (
				0931598E29DC3D3D0042A77C /* chapter_1App.swift */,
				0931599029DC3D3D0042A77C /* ContentView.swift */,
				0931599229DC3D3D0042A77C /* Assets.xcassets */,
				0931599429DC3D3D0042A77C /* Preview Content */,
			);
			path = "chapter 1";
			sourceTree = "<group>";
		};
		0931599429DC3D3D0042A77C /* Preview Content */ = {
			isa = PBXGroup;
			children = (
				0931599529DC3D3D0042A77C /* Preview Assets.xcassets */,
			);
			path = "Preview Content";
			sourceTree = "<group>";
		};
		0931599E29DC3D3E0042A77C /* chapter 1Tests */ = {
			isa = PBXGroup;
			children = (
				0931599F29DC3D3E0042A77C /* chapter_1Tests.swift */,
			);
			path = "chapter 1Tests";
			sourceTree = "<group>";
		};
		093159A829DC3D3E0042A77C /* chapter 1UITests */ = {
			isa = PBXGroup;
			children = (
				093159A929DC3D3E0042A77C /* chapter_1UITests.swift */,
				093159AB29DC3D3E0042A77C /* chapter_1UITestsLaunchTests.swift */,
			);
			path = "chapter 1UITests";
			sourceTree = "<group>";
		};
/* End PBXGroup section */

/* Begin PBXNativeTarget section */
		0931598A29DC3D3D0042A77C /* chapter 1 */ = {
			isa = PBXNativeTarget;
			buildConfigurationList = 093159AF29DC3D3E0042A77C /* Build configuration list for PBXNativeTarget "chapter 1" */;
			buildPhases = (
				0931598729DC3D3D0042A77C /* Sources */,
				0931598829DC3D3D0042A77C /* Frameworks */,
				0931598929DC3D3D0042A77C /* Resources */,
			);
			buildRules = (
			);
			dependencies = (
			);
			name = "chapter 1";
			productName = "chapter 1";
			productReference = 0931598B29DC3D3D0042A77C /* chapter 1.app */;
			productType = "com.apple.product-type.application";
		};
		0931599A29DC3D3E0042A77C /* chapter 1Tests */ = {
			isa = PBXNativeTarget;
			buildConfigurationList = 093159B229DC3D3E0042A77C /* Build configuration list for PBXNativeTarget "chapter 1Tests" */;
			buildPhases = (
				0931599729DC3D3E0042A77C /* Sources */,
				0931599829DC3D3E0042A77C /* Frameworks */,
				0931599929DC3D3E0042A77C /* Resources */,
			);
			buildRules = (
			);
			dependencies = (
				0931599D29DC3D3E0042A77C /* PBXTargetDependency */,
			);
			name = "chapter 1Tests";
			productName = "chapter 1Tests";
			productReference = 0931599B29DC3D3E0042A77C /* chapter 1Tests.xctest */;
			productType = "com.apple.product-type.bundle.unit-test";
		};
		093159A429DC3D3E0042A77C /* chapter 1UITests */ = {
			isa = PBXNativeTarget;
			buildConfigurationList = 093159B529DC3D3E0042A77C /* Build configuration list for PBXNativeTarget "chapter 1UITests" */;
			buildPhases = (
				093159A129DC3D3E0042A77C /* Sources */,
				093159A229DC3D3E0042A77C /* Frameworks */,
				093159A329DC3D3E0042A77C /* Resources */,
			);
			buildRules = (
			);
			dependencies = (
				093159A729DC3D3E0042A77C /* PBXTargetDependency */,
			);
			name = "chapter 1UITests";
			productName = "chapter 1UITests";
			productReference = 093159A529DC3D3E0042A77C /* chapter 1UITests.xctest */;
			productType = "com.apple.product-type.bundle.ui-testing";
		};
/* End PBXNativeTarget section */

/* Begin PBXProject section */
		0931598329DC3D3D0042A77C /* Project object */ = {
			isa = PBXProject;
			attributes = {
				BuildIndependentTargetsInParallel = 1;
				LastSwiftUpdateCheck = 1420;
				LastUpgradeCheck = 1420;
				TargetAttributes = {
					0931598A29DC3D3D0042A77C = {
						CreatedOnToolsVersion = 14.2;
					};
					0931599A29DC3D3E0042A77C = {
						CreatedOnToolsVersion = 14.2;
						TestTargetID = 0931598A29DC3D3D0042A77C;
					};
					093159A429DC3D3E0042A77C = {
						CreatedOnToolsVersion = 14.2;
						TestTargetID = 0931598A29DC3D3D0042A77C;
					};
				};
			};
			buildConfigurationList = 0931598629DC3D3D0042A77C /* Build configuration list for PBXProject "chapter 1" */;
			compatibilityVersion = "Xcode 14.0";
			developmentRegion = en;
			hasScannedForEncodings = 0;
			knownRegions = (
				en,
				Base,
			);
			mainGroup = 0931598229DC3D3D0042A77C;
			productRefGroup = 0931598C29DC3D3D0042A77C /* Products */;
			projectDirPath = "";
			projectRoot = "";
			targets = (
				0931598A29DC3D3D0042A77C /* chapter 1 */,
				0931599A29DC3D3E0042A77C /* chapter 1Tests */,
				093159A429DC3D3E0042A77C /* chapter 1UITests */,
			);
		};
/* End PBXProject section */

/* Begin PBXResourcesBuildPhase section */
		0931598929DC3D3D0042A77C /* Resources */ = {
			isa = PBXResourcesBuildPhase;
			buildActionMask = 2147483647;
			files = (
				0931599629DC3D3D0042A77C /* Preview Assets.xcassets in Resources */,
				0931599329DC3D3D0042A77C /* Assets.xcassets in Resources */,
			);
			runOnlyForDeploymentPostprocessing = 0;
		};
		0931599929DC3D3E0042A77C /* Resources */ = {
			isa = PBXResourcesBuildPhase;
			buildActionMask = 2147483647;
			files = (
			);
			runOnlyForDeploymentPostprocessing = 0;
		};
		093159A329DC3D3E0042A77C /* Resources */ = {
			isa = PBXResourcesBuildPhase;
			buildActionMask = 2147483647;
			files = (
			);
			runOnlyForDeploymentPostprocessing = 0;
		};
/* End PBXResourcesBuildPhase section */

/* Begin PBXSourcesBuildPhase section */
		0931598729DC3D3D0042A77C /* Sources */ = {
			isa = PBXSourcesBuildPhase;
			buildActionMask = 2147483647;
			files = (
				0931599129DC3D3D0042A77C /* ContentView.swift in Sources */,
				0931598F29DC3D3D0042A77C /* chapter_1App.swift in Sources */,
			);
			runOnlyForDeploymentPostprocessing = 0;
		};
		0931599729DC3D3E0042A77C /* Sources */ = {
			isa = PBXSourcesBuildPhase;
			buildActionMask = 2147483647;
			files = (
				093159A029DC3D3E0042A77C /* chapter_1Tests.swift in Sources */,
			);
			runOnlyForDeploymentPostprocessing = 0;
		};
		093159A129DC3D3E0042A77C /* Sources */ = {
			isa = PBXSourcesBuildPhase;
			buildActionMask = 2147483647;
			files = (
				093159AC29DC3D3E0042A77C /* chapter_1UITestsLaunchTests.swift in Sources */,
				093159AA29DC3D3E0042A77C /* chapter_1UITests.swift in Sources */,
			);
			runOnlyForDeploymentPostprocessing = 0;
		};
/* End PBXSourcesBuildPhase section */

/* Begin PBXTargetDependency section */
		0931599D29DC3D3E0042A77C /* PBXTargetDependency */ = {
			isa = PBXTargetDependency;
			target = 0931598A29DC3D3D0042A77C /* chapter 1 */;
			targetProxy = 0931599C29DC3D3E0042A77C /* PBXContainerItemProxy */;
		};
		093159A729DC3D3E0042A77C /* PBXTargetDependency */ = {
			isa = PBXTargetDependency;
			target = 0931598A29DC3D3D0042A77C /* chapter 1 */;
			targetProxy = 093159A629DC3D3E0042A77C /* PBXContainerItemProxy */;
		};
/* End PBXTargetDependency section */

/* Begin XCBuildConfiguration section */
		093159AD29DC3D3E0042A77C /* Debug */ = {
			isa = XCBuildConfiguration;
			buildSettings = {
				ALWAYS_SEARCH_USER_PATHS = NO;
				CLANG_ANALYZER_NONNULL = YES;
				CLANG_ANALYZER_NUMBER_OBJECT_CONVERSION = YES_AGGRESSIVE;
				CLANG_CXX_LANGUAGE_STANDARD = "gnu++20";
				CLANG_ENABLE_MODULES = YES;
				CLANG_ENABLE_OBJC_ARC = YES;
				CLANG_ENABLE_OBJC_WEAK = YES;
				CLANG_WARN_BLOCK_CAPTURE_AUTORELEASING = YES;
				CLANG_WARN_BOOL_CONVERSION = YES;
				CLANG_WARN_COMMA = YES;
				CLANG_WARN_CONSTANT_CONVERSION = YES;
				CLANG_WARN_DEPRECATED_OBJC_IMPLEMENTATIONS = YES;
				CLANG_WARN_DIRECT_OBJC_ISA_USAGE = YES_ERROR;
				CLANG_WARN_DOCUMENTATION_COMMENTS = YES;
				CLANG_WARN_EMPTY_BODY = YES;
				CLANG_WARN_ENUM_CONVERSION = YES;
				CLANG_WARN_INFINITE_RECURSION = YES;
				CLANG_WARN_INT_CONVERSION = YES;
				CLANG_WARN_NON_LITERAL_NULL_CONVERSION = YES;
				CLANG_WARN_OBJC_IMPLICIT_RETAIN_SELF = YES;
				CLANG_WARN_OBJC_LITERAL_CONVERSION = YES;
				CLANG_WARN_OBJC_ROOT_CLASS = YES_ERROR;
				CLANG_WARN_QUOTED_INCLUDE_IN_FRAMEWORK_HEADER = YES;
				CLANG_WARN_RANGE_LOOP_ANALYSIS = YES;
				CLANG_WARN_STRICT_PROTOTYPES = YES;
				CLANG_WARN_SUSPICIOUS_MOVE = YES;
				CLANG_WARN_UNGUARDED_AVAILABILITY = YES_AGGRESSIVE;
				CLANG_WARN_UNREACHABLE_CODE = YES;
				CLANG_WARN__DUPLICATE_METHOD_MATCH = YES;
				COPY_PHASE_STRIP = NO;
				DEBUG_INFORMATION_FORMAT = dwarf;
				ENABLE_STRICT_OBJC_MSGSEND = YES;
				ENABLE_TESTABILITY = YES;
				GCC_C_LANGUAGE_STANDARD = gnu11;
				GCC_DYNAMIC_NO_PIC = NO;
				GCC_NO_COMMON_BLOCKS = YES;
				GCC_OPTIMIZATION_LEVEL = 0;
				GCC_PREPROCESSOR_DEFINITIONS = (
					"DEBUG=1",
					"$(inherited)",
				);
				GCC_WARN_64_TO_32_BIT_CONVERSION = YES;
				GCC_WARN_ABOUT_RETURN_TYPE = YES_ERROR;
				GCC_WARN_UNDECLARED_SELECTOR = YES;
				GCC_WARN_UNINITIALIZED_AUTOS = YES_AGGRESSIVE;
				GCC_WARN_UNUSED_FUNCTION = YES;
				GCC_WARN_UNUSED_VARIABLE = YES;
				IPHONEOS_DEPLOYMENT_TARGET = 16.2;
				MTL_ENABLE_DEBUG_INFO = INCLUDE_SOURCE;
				MTL_FAST_MATH = YES;
				ONLY_ACTIVE_ARCH = YES;
				SDKROOT = iphoneos;
				SWIFT_ACTIVE_COMPILATION_CONDITIONS = DEBUG;
				SWIFT_OPTIMIZATION_LEVEL = "-Onone";
			};
			name = Debug;
		};
		093159AE29DC3D3E0042A77C /* Release */ = {
			isa = XCBuildConfiguration;
			buildSettings = {
				ALWAYS_SEARCH_USER_PATHS = NO;
				CLANG_ANALYZER_NONNULL = YES;
				CLANG_ANALYZER_NUMBER_OBJECT_CONVERSION = YES_AGGRESSIVE;
				CLANG_CXX_LANGUAGE_STANDARD = "gnu++20";
				CLANG_ENABLE_MODULES = YES;
				CLANG_ENABLE_OBJC_ARC = YES;
				CLANG_ENABLE_OBJC_WEAK = YES;
				CLANG_WARN_BLOCK_CAPTURE_AUTORELEASING = YES;
				CLANG_WARN_BOOL_CONVERSION = YES;
				CLANG_WARN_COMMA = YES;
				CLANG_WARN_CONSTANT_CONVERSION = YES;
				CLANG_WARN_DEPRECATED_OBJC_IMPLEMENTATIONS = YES;
				CLANG_WARN_DIRECT_OBJC_ISA_USAGE = YES_ERROR;
				CLANG_WARN_DOCUMENTATION_COMMENTS = YES;
				CLANG_WARN_EMPTY_BODY = YES;
				CLANG_WARN_ENUM_CONVERSION = YES;
				CLANG_WARN_INFINITE_RECURSION = YES;
				CLANG_WARN_INT_CONVERSION = YES;
				CLANG_WARN_NON_LITERAL_NULL_CONVERSION = YES;
				CLANG_WARN_OBJC_IMPLICIT_RETAIN_SELF = YES;
				CLANG_WARN_OBJC_LITERAL_CONVERSION = YES;
				CLANG_WARN_OBJC_ROOT_CLASS = YES_ERROR;
				CLANG_WARN_QUOTED_INCLUDE_IN_FRAMEWORK_HEADER = YES;
				CLANG_WARN_RANGE_LOOP_ANALYSIS = YES;
				CLANG_WARN_STRICT_PROTOTYPES = YES;
				CLANG_WARN_SUSPICIOUS_MOVE = YES;
				CLANG_WARN_UNGUARDED_AVAILABILITY = YES_AGGRESSIVE;
				CLANG_WARN_UNREACHABLE_CODE = YES;
				CLANG_WARN__DUPLICATE_METHOD_MATCH = YES;
				COPY_PHASE_STRIP = NO;
				DEBUG_INFORMATION_FORMAT = "dwarf-with-dsym";
				ENABLE_NS_ASSERTIONS = NO;
				ENABLE_STRICT_OBJC_MSGSEND = YES;
				GCC_C_LANGUAGE_STANDARD = gnu11;
				GCC_NO_COMMON_BLOCKS = YES;
				GCC_WARN_64_TO_32_BIT_CONVERSION = YES;
				GCC_WARN_ABOUT_RETURN_TYPE = YES_ERROR;
				GCC_WARN_UNDECLARED_SELECTOR = YES;
				GCC_WARN_UNINITIALIZED_AUTOS = YES_AGGRESSIVE;
				GCC_WARN_UNUSED_FUNCTION = YES;
				GCC_WARN_UNUSED_VARIABLE = YES;
				IPHONEOS_DEPLOYMENT_TARGET = 16.2;
				MTL_ENABLE_DEBUG_INFO = NO;
				MTL_FAST_MATH = YES;
				SDKROOT = iphoneos;
				SWIFT_COMPILATION_MODE = wholemodule;
				SWIFT_OPTIMIZATION_LEVEL = "-O";
				VALIDATE_PRODUCT = YES;
			};
			name = Release;
		};
		093159B029DC3D3E0042A77C /* Debug */ = {
			isa = XCBuildConfiguration;
			buildSettings = {
				ASSETCATALOG_COMPILER_APPICON_NAME = AppIcon;
				ASSETCATALOG_COMPILER_GLOBAL_ACCENT_COLOR_NAME = AccentColor;
				CODE_SIGN_STYLE = Automatic;
				CURRENT_PROJECT_VERSION = 1;
				DEVELOPMENT_ASSET_PATHS = "\"chapter 1/Preview Content\"";
				ENABLE_PREVIEWS = YES;
				GENERATE_INFOPLIST_FILE = YES;
				INFOPLIST_KEY_UIApplicationSceneManifest_Generation = YES;
				INFOPLIST_KEY_UIApplicationSupportsIndirectInputEvents = YES;
				INFOPLIST_KEY_UILaunchScreen_Generation = YES;
				INFOPLIST_KEY_UISupportedInterfaceOrientations_iPad = "UIInterfaceOrientationPortrait UIInterfaceOrientationPortraitUpsideDown UIInterfaceOrientationLandscapeLeft UIInterfaceOrientationLandscapeRight";
				INFOPLIST_KEY_UISupportedInterfaceOrientations_iPhone = "UIInterfaceOrientationPortrait UIInterfaceOrientationLandscapeLeft UIInterfaceOrientationLandscapeRight";
				LD_RUNPATH_SEARCH_PATHS = (
					"$(inherited)",
					"@executable_path/Frameworks",
				);
				MARKETING_VERSION = 1.0;
				PRODUCT_BUNDLE_IDENTIFIER = "vuslatcoskun.chapter-1";
				PRODUCT_NAME = "$(TARGET_NAME)";
				SWIFT_EMIT_LOC_STRINGS = YES;
				SWIFT_VERSION = 5.0;
				TARGETED_DEVICE_FAMILY = "1,2";
			};
			name = Debug;
		};
		093159B129DC3D3E0042A77C /* Release */ = {
			isa = XCBuildConfiguration;
			buildSettings = {
				ASSETCATALOG_COMPILER_APPICON_NAME = AppIcon;
				ASSETCATALOG_COMPILER_GLOBAL_ACCENT_COLOR_NAME = AccentColor;
				CODE_SIGN_STYLE = Automatic;
				CURRENT_PROJECT_VERSION = 1;
				DEVELOPMENT_ASSET_PATHS = "\"chapter 1/Preview Content\"";
				ENABLE_PREVIEWS = YES;
				GENERATE_INFOPLIST_FILE = YES;
				INFOPLIST_KEY_UIApplicationSceneManifest_Generation = YES;
				INFOPLIST_KEY_UIApplicationSupportsIndirectInputEvents = YES;
				INFOPLIST_KEY_UILaunchScreen_Generation = YES;
				INFOPLIST_KEY_UISupportedInterfaceOrientations_iPad = "UIInterfaceOrientationPortrait UIInterfaceOrientationPortraitUpsideDown UIInterfaceOrientationLandscapeLeft UIInterfaceOrientationLandscapeRight";
				INFOPLIST_KEY_UISupportedInterfaceOrientations_iPhone = "UIInterfaceOrientationPortrait UIInterfaceOrientationLandscapeLeft UIInterfaceOrientationLandscapeRight";
				LD_RUNPATH_SEARCH_PATHS = (
					"$(inherited)",
					"@executable_path/Frameworks",
				);
				MARKETING_VERSION = 1.0;
				PRODUCT_BUNDLE_IDENTIFIER = "vuslatcoskun.chapter-1";
				PRODUCT_NAME = "$(TARGET_NAME)";
				SWIFT_EMIT_LOC_STRINGS = YES;
				SWIFT_VERSION = 5.0;
				TARGETED_DEVICE_FAMILY = "1,2";
			};
			name = Release;
		};
		093159B329DC3D3E0042A77C /* Debug */ = {
			isa = XCBuildConfiguration;
			buildSettings = {
				ALWAYS_EMBED_SWIFT_STANDARD_LIBRARIES = YES;
				BUNDLE_LOADER = "$(TEST_HOST)";
				CODE_SIGN_STYLE = Automatic;
				CURRENT_PROJECT_VERSION = 1;
				GENERATE_INFOPLIST_FILE = YES;
				IPHONEOS_DEPLOYMENT_TARGET = 16.2;
				MARKETING_VERSION = 1.0;
				PRODUCT_BUNDLE_IDENTIFIER = "vuslatcoskun.chapter-1Tests";
				PRODUCT_NAME = "$(TARGET_NAME)";
				SWIFT_EMIT_LOC_STRINGS = NO;
				SWIFT_VERSION = 5.0;
				TARGETED_DEVICE_FAMILY = "1,2";
				TEST_HOST = "$(BUILT_PRODUCTS_DIR)/chapter 1.app/$(BUNDLE_EXECUTABLE_FOLDER_PATH)/chapter 1";
			};
			name = Debug;
		};
		093159B429DC3D3E0042A77C /* Release */ = {
			isa = XCBuildConfiguration;
			buildSettings = {
				ALWAYS_EMBED_SWIFT_STANDARD_LIBRARIES = YES;
				BUNDLE_LOADER = "$(TEST_HOST)";
				CODE_SIGN_STYLE = Automatic;
				CURRENT_PROJECT_VERSION = 1;
				GENERATE_INFOPLIST_FILE = YES;
				IPHONEOS_DEPLOYMENT_TARGET = 16.2;
				MARKETING_VERSION = 1.0;
				PRODUCT_BUNDLE_IDENTIFIER = "vuslatcoskun.chapter-1Tests";
				PRODUCT_NAME = "$(TARGET_NAME)";
				SWIFT_EMIT_LOC_STRINGS = NO;
				SWIFT_VERSION = 5.0;
				TARGETED_DEVICE_FAMILY = "1,2";
				TEST_HOST = "$(BUILT_PRODUCTS_DIR)/chapter 1.app/$(BUNDLE_EXECUTABLE_FOLDER_PATH)/chapter 1";
			};
			name = Release;
		};
		093159B629DC3D3E0042A77C /* Debug */ = {
			isa = XCBuildConfiguration;
			buildSettings = {
				ALWAYS_EMBED_SWIFT_STANDARD_LIBRARIES = YES;
				CODE_SIGN_STYLE = Automatic;
				CURRENT_PROJECT_VERSION = 1;
				GENERATE_INFOPLIST_FILE = YES;
				MARKETING_VERSION = 1.0;
				PRODUCT_BUNDLE_IDENTIFIER = "vuslatcoskun.chapter-1UITests";
				PRODUCT_NAME = "$(TARGET_NAME)";
				SWIFT_EMIT_LOC_STRINGS = NO;
				SWIFT_VERSION = 5.0;
				TARGETED_DEVICE_FAMILY = "1,2";
				TEST_TARGET_NAME = "chapter 1";
			};
			name = Debug;
		};
		093159B729DC3D3E0042A77C /* Release */ = {
			isa = XCBuildConfiguration;
			buildSettings = {
				ALWAYS_EMBED_SWIFT_STANDARD_LIBRARIES = YES;
				CODE_SIGN_STYLE = Automatic;
				CURRENT_PROJECT_VERSION = 1;
				GENERATE_INFOPLIST_FILE = YES;
				MARKETING_VERSION = 1.0;
				PRODUCT_BUNDLE_IDENTIFIER = "vuslatcoskun.chapter-1UITests";
				PRODUCT_NAME = "$(TARGET_NAME)";
				SWIFT_EMIT_LOC_STRINGS = NO;
				SWIFT_VERSION = 5.0;
				TARGETED_DEVICE_FAMILY = "1,2";
				TEST_TARGET_NAME = "chapter 1";
			};
			name = Release;
		};
/* End XCBuildConfiguration section */

/* Begin XCConfigurationList section */
		0931598629DC3D3D0042A77C /* Build configuration list for PBXProject "chapter 1" */ = {
			isa = XCConfigurationList;
			buildConfigurations = (
				093159AD29DC3D3E0042A77C /* Debug */,
				093159AE29DC3D3E0042A77C /* Release */,
			);
			defaultConfigurationIsVisible = 0;
			defaultConfigurationName = Release;
		};
		093159AF29DC3D3E0042A77C /* Build configuration list for PBXNativeTarget "chapter 1" */ = {
			isa = XCConfigurationList;
			buildConfigurations = (
				093159B029DC3D3E0042A77C /* Debug */,
				093159B129DC3D3E0042A77C /* Release */,
			);
			defaultConfigurationIsVisible = 0;
			defaultConfigurationName = Release;
		};
		093159B229DC3D3E0042A77C /* Build configuration list for PBXNativeTarget "chapter 1Tests" */ = {
			isa = XCConfigurationList;
			buildConfigurations = (
				093159B329DC3D3E0042A77C /* Debug */,
				093159B429DC3D3E0042A77C /* Release */,
			);
			defaultConfigurationIsVisible = 0;
			defaultConfigurationName = Release;
		};
		093159B529DC3D3E0042A77C /* Build configuration list for PBXNativeTarget "chapter 1UITests" */ = {
			isa = XCConfigurationList;
			buildConfigurations = (
				093159B629DC3D3E0042A77C /* Debug */,
				093159B729DC3D3E0042A77C /* Release */,
			);
			defaultConfigurationIsVisible = 0;
			defaultConfigurationName = Release;
		};
/* End XCConfigurationList section */
	};
	rootObject = 0931598329DC3D3D0042A77C /* Project object */;
}
